{
    "_meta": {
        "hash": {
            "sha256": "0f66db0c5a227f07aaf8107277994f84229f176a3720767fad40bd539572a8e8"
        },
        "requires": {},
        "sources": [
            {
                "url": "https://pypi.python.org/simple",
                "verify_ssl": true
            }
        ]
    },
    "default": {
        "click": {
            "hash": "sha256:29f99fc6125fbc931b758dc053b3114e55c77a6e4c6c3a2674a2dc986016381d",
            "version": "==6.7"
        },
        "flake8": {
            "hash": "sha256:f1a9d8886a9cbefb52485f4f4c770832c7fb569c084a9a314fb1eaa37c0c2c86",
            "version": "==3.4.1"
        },
        "hypothesis": {
            "hash": "sha256:6a6bbc1097b3ed0419099097ec99525119bef6a8d2d617c6e4aece668b7aa920",
            "version": "==3.17.0"
        },
        "mccabe": {
            "hash": "sha256:ab8a6258860da4b6677da4bd2fe5dc2c659cff31b3ee4f7f5d64e79735b80d42",
            "version": "==0.6.1"
        },
        "py": {
            "hash": "sha256:2ccb79b01769d99115aa600d7eed99f524bf752bba8f041dc1c184853514655a",
            "version": "==1.4.34"
        },
        "pycodestyle": {
            "hash": "sha256:6c4245ade1edfad79c3446fadfc96b0de2759662dc29d07d80a6f27ad1ca6ba9",
            "version": "==2.3.1"
        },
        "pyflakes": {
            "hash": "sha256:cc5eadfb38041f8366128786b4ca12700ed05bbf1403d808e89d57d67a3875a7",
            "version": "==1.5.0"
        },
        "pytest": {
            "hash": "sha256:66f332ae62593b874a648b10a8cb106bfdacd2c6288ed7dec3713c3a808a6017",
            "version": "==3.0.7"
        },
        "pytest-flake8": {
            "hash": "sha256:bf4a9b3b8ca699cf2f84492ec491e4e057ba9af8bce1aec7fd9095b6d4d2d946",
            "version": "==0.6"
        },
        "pytest-logging": {
            "hash": "sha256:cec5c85ecf18aab7b2ead5498a31b9f758680ef5a902b9054ab3f2bdbb77c896",
            "version": "==2015.11.4"
        },
        "setuptools": {
            "hash": "sha256:02b5f3869777dfbfbe3786a057bc6d523445a3e541a0abdf85adbe0b091e96b9",
            "version": "==36.2.7"
        }
    },
    "develop": {}
}